
Microsoft Visual Studio Solution File, Format Version 12.00
Project("{FAE04EC0-301F-11D3-BF4B-00C04F79EFBC}") = "SimpleWebSocketEcho", "SimpleWebSocketEcho\SimpleWebSocketEcho.csproj", "{EF62EB77-FF9D-4A1F-9D3C-F4877CABD51D}"
EndProject
Global
	GlobalSection(SolutionConfigurationPlatforms) = preSolution
		Debug|Any CPU = Debug|Any CPU
		Release|Any CPU = Release|Any CPU
	EndGlobalSection
	GlobalSection(ProjectConfigurationPlatforms) = postSolution
		{EF62EB77-FF9D-4A1F-9D3C-F4877CABD51D}.Debug|Any CPU.ActiveCfg = Debug|Any CPU
		{EF62EB77-FF9D-4A1F-9D3C-F4877CABD51D}.Debug|Any CPU.Build.0 = Debug|Any CPU
		{EF62EB77-FF9D-4A1F-9D3C-F4877CABD51D}.Release|Any CPU.ActiveCfg = Release|Any CPU
		{EF62EB77-FF9D-4A1F-9D3C-F4877CABD51D}.Release|Any CPU.Build.0 = Release|Any CPU
	EndGlobalSection
EndGlobal
